
Microsoft Visual Studio Solution File, Format Version 12.00
# Visual Studio Version 17
VisualStudioVersion = 17.0.31903.59
MinimumVisualStudioVersion = 10.0.40219.1
Project("{2150E333-8FDC-42A3-9474-1A3956D46DE8}") = "domain", "domain", "{D9741FFD-229F-44EC-A4A7-76FE6C24C26D}"
EndProject
Project("{9A19103F-16F7-4668-BE54-9A1E7A4F7556}") = "Store", "StoreLib\Store.csproj", "{ED8871A7-6CEE-4955-ABD1-9CCDA838E423}"
EndProject
Project("{2150E333-8FDC-42A3-9474-1A3956D46DE8}") = "infrastructure", "infrastructure", "{D6F16222-91B0-4611-836C-0C5E567C05AF}"
EndProject
Project("{2150E333-8FDC-42A3-9474-1A3956D46DE8}") = "presentation", "presentation", "{8AF37234-4D93-4C3E-8E77-C9CED1EBE39C}"
EndProject
Project("{9A19103F-16F7-4668-BE54-9A1E7A4F7556}") = "Store.Web", "Store.Web\Store.Web.csproj", "{557E591C-C584-40A6-86A3-EEC68F8E07D0}"
EndProject
Project("{9A19103F-16F7-4668-BE54-9A1E7A4F7556}") = "Store.Tests", "domain\Store.Tests\Store.Tests.csproj", "{12F34414-A2BE-4537-926D-35ACE03DF716}"
EndProject
Project("{2150E333-8FDC-42A3-9474-1A3956D46DE8}") = "plugins", "plugins", "{2E90FC1A-4AD1-4BBE-AFA7-C6AE1A36C78A}"
EndProject
Project("{9A19103F-16F7-4668-BE54-9A1E7A4F7556}") = "Store.Web.Contractors", "plugins\Store.Web.Contractors\Store.Web.Contractors.csproj", "{7C73DCBA-5E5E-4949-9CC5-2517748E5B07}"
EndProject
Project("{9A19103F-16F7-4668-BE54-9A1E7A4F7556}") = "Store.YandexKassa", "plugins\Store.YandexKassa\Store.YandexKassa.csproj", "{5FA29998-A6E7-4945-A3EF-5C295F90AFCA}"
EndProject
Project("{2150E333-8FDC-42A3-9474-1A3956D46DE8}") = "application", "application", "{E41FFAEF-E8D0-4EBC-91B3-442D244DBD29}"
EndProject
Project("{9A19103F-16F7-4668-BE54-9A1E7A4F7556}") = "Store.Web.App", "Store.Web.App\Store.Web.App.csproj", "{D2E78707-09E1-4391-A28F-3F388D6CF523}"
EndProject
Project("{9A19103F-16F7-4668-BE54-9A1E7A4F7556}") = "Store.DTO.EF", "infrastructure\Store.Data.EF\Store.DTO.EF.csproj", "{F11E7A18-9A4F-4043-B040-F76B1FA1B56E}"
EndProject
Global
	GlobalSection(SolutionConfigurationPlatforms) = preSolution
		Debug|Any CPU = Debug|Any CPU
		Release|Any CPU = Release|Any CPU
	EndGlobalSection
	GlobalSection(ProjectConfigurationPlatforms) = postSolution
		{ED8871A7-6CEE-4955-ABD1-9CCDA838E423}.Debug|Any CPU.ActiveCfg = Debug|Any CPU
		{ED8871A7-6CEE-4955-ABD1-9CCDA838E423}.Debug|Any CPU.Build.0 = Debug|Any CPU
		{ED8871A7-6CEE-4955-ABD1-9CCDA838E423}.Release|Any CPU.ActiveCfg = Release|Any CPU
		{ED8871A7-6CEE-4955-ABD1-9CCDA838E423}.Release|Any CPU.Build.0 = Release|Any CPU
		{557E591C-C584-40A6-86A3-EEC68F8E07D0}.Debug|Any CPU.ActiveCfg = Debug|Any CPU
		{557E591C-C584-40A6-86A3-EEC68F8E07D0}.Debug|Any CPU.Build.0 = Debug|Any CPU
		{557E591C-C584-40A6-86A3-EEC68F8E07D0}.Release|Any CPU.ActiveCfg = Release|Any CPU
		{557E591C-C584-40A6-86A3-EEC68F8E07D0}.Release|Any CPU.Build.0 = Release|Any CPU
		{12F34414-A2BE-4537-926D-35ACE03DF716}.Debug|Any CPU.ActiveCfg = Debug|Any CPU
		{12F34414-A2BE-4537-926D-35ACE03DF716}.Debug|Any CPU.Build.0 = Debug|Any CPU
		{12F34414-A2BE-4537-926D-35ACE03DF716}.Release|Any CPU.ActiveCfg = Release|Any CPU
		{12F34414-A2BE-4537-926D-35ACE03DF716}.Release|Any CPU.Build.0 = Release|Any CPU
		{7C73DCBA-5E5E-4949-9CC5-2517748E5B07}.Debug|Any CPU.ActiveCfg = Debug|Any CPU
		{7C73DCBA-5E5E-4949-9CC5-2517748E5B07}.Debug|Any CPU.Build.0 = Debug|Any CPU
		{7C73DCBA-5E5E-4949-9CC5-2517748E5B07}.Release|Any CPU.ActiveCfg = Release|Any CPU
		{7C73DCBA-5E5E-4949-9CC5-2517748E5B07}.Release|Any CPU.Build.0 = Release|Any CPU
		{5FA29998-A6E7-4945-A3EF-5C295F90AFCA}.Debug|Any CPU.ActiveCfg = Debug|Any CPU
		{5FA29998-A6E7-4945-A3EF-5C295F90AFCA}.Debug|Any CPU.Build.0 = Debug|Any CPU
		{5FA29998-A6E7-4945-A3EF-5C295F90AFCA}.Release|Any CPU.ActiveCfg = Release|Any CPU
		{5FA29998-A6E7-4945-A3EF-5C295F90AFCA}.Release|Any CPU.Build.0 = Release|Any CPU
		{D2E78707-09E1-4391-A28F-3F388D6CF523}.Debug|Any CPU.ActiveCfg = Debug|Any CPU
		{D2E78707-09E1-4391-A28F-3F388D6CF523}.Debug|Any CPU.Build.0 = Debug|Any CPU
		{D2E78707-09E1-4391-A28F-3F388D6CF523}.Release|Any CPU.ActiveCfg = Release|Any CPU
		{D2E78707-09E1-4391-A28F-3F388D6CF523}.Release|Any CPU.Build.0 = Release|Any CPU
		{F11E7A18-9A4F-4043-B040-F76B1FA1B56E}.Debug|Any CPU.ActiveCfg = Debug|Any CPU
		{F11E7A18-9A4F-4043-B040-F76B1FA1B56E}.Debug|Any CPU.Build.0 = Debug|Any CPU
		{F11E7A18-9A4F-4043-B040-F76B1FA1B56E}.Release|Any CPU.ActiveCfg = Release|Any CPU
		{F11E7A18-9A4F-4043-B040-F76B1FA1B56E}.Release|Any CPU.Build.0 = Release|Any CPU
	EndGlobalSection
	GlobalSection(SolutionProperties) = preSolution
		HideSolutionNode = FALSE
	EndGlobalSection
	GlobalSection(NestedProjects) = preSolution
		{ED8871A7-6CEE-4955-ABD1-9CCDA838E423} = {D9741FFD-229F-44EC-A4A7-76FE6C24C26D}
		{557E591C-C584-40A6-86A3-EEC68F8E07D0} = {8AF37234-4D93-4C3E-8E77-C9CED1EBE39C}
		{12F34414-A2BE-4537-926D-35ACE03DF716} = {D9741FFD-229F-44EC-A4A7-76FE6C24C26D}
		{7C73DCBA-5E5E-4949-9CC5-2517748E5B07} = {8AF37234-4D93-4C3E-8E77-C9CED1EBE39C}
		{5FA29998-A6E7-4945-A3EF-5C295F90AFCA} = {2E90FC1A-4AD1-4BBE-AFA7-C6AE1A36C78A}
		{D2E78707-09E1-4391-A28F-3F388D6CF523} = {E41FFAEF-E8D0-4EBC-91B3-442D244DBD29}
		{F11E7A18-9A4F-4043-B040-F76B1FA1B56E} = {D6F16222-91B0-4611-836C-0C5E567C05AF}
	EndGlobalSection
	GlobalSection(ExtensibilityGlobals) = postSolution
		SolutionGuid = {C628EB01-3CF5-4474-B35E-B8F8B34A9135}
	EndGlobalSection
EndGlobal
